// !$*UTF8*$!
{
	archiveVersion = 1;
	classes = {
	};
	objectVersion = 56;
	objects = {

/* Begin PBXBuildFile section */
		C62B98532BCE172300898D1D /* AppDelegate.swift in Sources */ = {isa = PBXBuildFile; fileRef = C62B98522BCE172300898D1D /* AppDelegate.swift */; };
		C62B98552BCE172300898D1D /* SceneDelegate.swift in Sources */ = {isa = PBXBuildFile; fileRef = C62B98542BCE172300898D1D /* SceneDelegate.swift */; };
		C62B98572BCE172300898D1D /* QuoteViewController.swift in Sources */ = {isa = PBXBuildFile; fileRef = C62B98562BCE172300898D1D /* QuoteViewController.swift */; };
		C62B985A2BCE172300898D1D /* Base in Resources */ = {isa = PBXBuildFile; fileRef = C62B98592BCE172300898D1D /* Base */; };
		C62B985C2BCE172500898D1D /* Assets.xcassets in Resources */ = {isa = PBXBuildFile; fileRef = C62B985B2BCE172500898D1D /* Assets.xcassets */; };
		C62B985F2BCE172500898D1D /* Base in Resources */ = {isa = PBXBuildFile; fileRef = C62B985E2BCE172500898D1D /* Base */; };
		C62B986D2BD0D0A600898D1D /* CombineMVVMDemoTests.swift in Sources */ = {isa = PBXBuildFile; fileRef = C62B986C2BD0D0A600898D1D /* CombineMVVMDemoTests.swift */; };
		C62B98742BD177AB00898D1D /* QuoteViewModel.swift in Sources */ = {isa = PBXBuildFile; fileRef = C62B98732BD177AB00898D1D /* QuoteViewModel.swift */; };
		C62B98762BD177D400898D1D /* QuoteService.swift in Sources */ = {isa = PBXBuildFile; fileRef = C62B98752BD177D400898D1D /* QuoteService.swift */; };
		C62B98782BD177EF00898D1D /* Quote.swift in Sources */ = {isa = PBXBuildFile; fileRef = C62B98772BD177EF00898D1D /* Quote.swift */; };
/* End PBXBuildFile section */

/* Begin PBXContainerItemProxy section */
		C62B986E2BD0D0A600898D1D /* PBXContainerItemProxy */ = {
			isa = PBXContainerItemProxy;
			containerPortal = C62B98472BCE172300898D1D /* Project object */;
			proxyType = 1;
			remoteGlobalIDString = C62B984E2BCE172300898D1D;
			remoteInfo = CombineMVVMDemo;
		};
/* End PBXContainerItemProxy section */

/* Begin PBXFileReference section */
		C62B984F2BCE172300898D1D /* CombineMVVMDemo.app */ = {isa = PBXFileReference; explicitFileType = wrapper.application; includeInIndex = 0; path = CombineMVVMDemo.app; sourceTree = BUILT_PRODUCTS_DIR; };
		C62B98522BCE172300898D1D /* AppDelegate.swift */ = {isa = PBXFileReference; lastKnownFileType = sourcecode.swift; path = AppDelegate.swift; sourceTree = "<group>"; };
		C62B98542BCE172300898D1D /* SceneDelegate.swift */ = {isa = PBXFileReference; lastKnownFileType = sourcecode.swift; path = SceneDelegate.swift; sourceTree = "<group>"; };
		C62B98562BCE172300898D1D /* QuoteViewController.swift */ = {isa = PBXFileReference; lastKnownFileType = sourcecode.swift; path = QuoteViewController.swift; sourceTree = "<group>"; };
		C62B98592BCE172300898D1D /* Base */ = {isa = PBXFileReference; lastKnownFileType = file.storyboard; name = Base; path = Base.lproj/Main.storyboard; sourceTree = "<group>"; };
		C62B985B2BCE172500898D1D /* Assets.xcassets */ = {isa = PBXFileReference; lastKnownFileType = folder.assetcatalog; path = Assets.xcassets; sourceTree = "<group>"; };
		C62B985E2BCE172500898D1D /* Base */ = {isa = PBXFileReference; lastKnownFileType = file.storyboard; name = Base; path = Base.lproj/LaunchScreen.storyboard; sourceTree = "<group>"; };
		C62B98602BCE172500898D1D /* Info.plist */ = {isa = PBXFileReference; lastKnownFileType = text.plist.xml; path = Info.plist; sourceTree = "<group>"; };
		C62B986A2BD0D0A600898D1D /* CombineMVVMDemoTests.xctest */ = {isa = PBXFileReference; explicitFileType = wrapper.cfbundle; includeInIndex = 0; path = CombineMVVMDemoTests.xctest; sourceTree = BUILT_PRODUCTS_DIR; };
		C62B986C2BD0D0A600898D1D /* CombineMVVMDemoTests.swift */ = {isa = PBXFileReference; lastKnownFileType = sourcecode.swift; path = CombineMVVMDemoTests.swift; sourceTree = "<group>"; };
		C62B98732BD177AB00898D1D /* QuoteViewModel.swift */ = {isa = PBXFileReference; lastKnownFileType = sourcecode.swift; path = QuoteViewModel.swift; sourceTree = "<group>"; };
		C62B98752BD177D400898D1D /* QuoteService.swift */ = {isa = PBXFileReference; lastKnownFileType = sourcecode.swift; path = QuoteService.swift; sourceTree = "<group>"; };
		C62B98772BD177EF00898D1D /* Quote.swift */ = {isa = PBXFileReference; lastKnownFileType = sourcecode.swift; path = Quote.swift; sourceTree = "<group>"; };
/* End PBXFileReference section */

/* Begin PBXFrameworksBuildPhase section */
		C62B984C2BCE172300898D1D /* Frameworks */ = {
			isa = PBXFrameworksBuildPhase;
			buildActionMask = 2147483647;
			files = (
			);
			runOnlyForDeploymentPostprocessing = 0;
		};
		C62B98672BD0D0A600898D1D /* Frameworks */ = {
			isa = PBXFrameworksBuildPhase;
			buildActionMask = 2147483647;
			files = (
			);
			runOnlyForDeploymentPostprocessing = 0;
		};
/* End PBXFrameworksBuildPhase section */

/* Begin PBXGroup section */
		C62B98462BCE172300898D1D = {
			isa = PBXGroup;
			children = (
				C62B98512BCE172300898D1D /* CombineMVVMDemo */,
				C62B986B2BD0D0A600898D1D /* CombineMVVMDemoTests */,
				C62B98502BCE172300898D1D /* Products */,
			);
			sourceTree = "<group>";
		};
		C62B98502BCE172300898D1D /* Products */ = {
			isa = PBXGroup;
			children = (
				C62B984F2BCE172300898D1D /* CombineMVVMDemo.app */,
				C62B986A2BD0D0A600898D1D /* CombineMVVMDemoTests.xctest */,
			);
			name = Products;
			sourceTree = "<group>";
		};
		C62B98512BCE172300898D1D /* CombineMVVMDemo */ = {
			isa = PBXGroup;
			children = (
				C62B98522BCE172300898D1D /* AppDelegate.swift */,
				C62B98542BCE172300898D1D /* SceneDelegate.swift */,
				C62B98562BCE172300898D1D /* QuoteViewController.swift */,
				C62B98582BCE172300898D1D /* Main.storyboard */,
				C62B985B2BCE172500898D1D /* Assets.xcassets */,
				C62B985D2BCE172500898D1D /* LaunchScreen.storyboard */,
				C62B98602BCE172500898D1D /* Info.plist */,
				C62B98732BD177AB00898D1D /* QuoteViewModel.swift */,
				C62B98752BD177D400898D1D /* QuoteService.swift */,
				C62B98772BD177EF00898D1D /* Quote.swift */,
			);
			path = CombineMVVMDemo;
			sourceTree = "<group>";
		};
		C62B986B2BD0D0A600898D1D /* CombineMVVMDemoTests */ = {
			isa = PBXGroup;
			children = (
				C62B986C2BD0D0A600898D1D /* CombineMVVMDemoTests.swift */,
			);
			path = CombineMVVMDemoTests;
			sourceTree = "<group>";
		};
/* End PBXGroup section */

/* Begin PBXNativeTarget section */
		C62B984E2BCE172300898D1D /* CombineMVVMDemo */ = {
			isa = PBXNativeTarget;
			buildConfigurationList = C62B98632BCE172500898D1D /* Build configuration list for PBXNativeTarget "CombineMVVMDemo" */;
			buildPhases = (
				C62B984B2BCE172300898D1D /* Sources */,
				C62B984C2BCE172300898D1D /* Frameworks */,
				C62B984D2BCE172300898D1D /* Resources */,
			);
			buildRules = (
			);
			dependencies = (
			);
			name = CombineMVVMDemo;
			productName = CombineMVVMDemo;
			productReference = C62B984F2BCE172300898D1D /* CombineMVVMDemo.app */;
			productType = "com.apple.product-type.application";
		};
		C62B98692BD0D0A600898D1D /* CombineMVVMDemoTests */ = {
			isa = PBXNativeTarget;
			buildConfigurationList = C62B98702BD0D0A600898D1D /* Build configuration list for PBXNativeTarget "CombineMVVMDemoTests" */;
			buildPhases = (
				C62B98662BD0D0A600898D1D /* Sources */,
				C62B98672BD0D0A600898D1D /* Frameworks */,
				C62B98682BD0D0A600898D1D /* Resources */,
			);
			buildRules = (
			);
			dependencies = (
				C62B986F2BD0D0A600898D1D /* PBXTargetDependency */,
			);
			name = CombineMVVMDemoTests;
			productName = CombineMVVMDemoTests;
			productReference = C62B986A2BD0D0A600898D1D /* CombineMVVMDemoTests.xctest */;
			productType = "com.apple.product-type.bundle.unit-test";
		};
/* End PBXNativeTarget section */

/* Begin PBXProject section */
		C62B98472BCE172300898D1D /* Project object */ = {
			isa = PBXProject;
			attributes = {
				BuildIndependentTargetsInParallel = 1;
				LastSwiftUpdateCheck = 1530;
				LastUpgradeCheck = 1530;
				TargetAttributes = {
					C62B984E2BCE172300898D1D = {
						CreatedOnToolsVersion = 15.3;
					};
					C62B98692BD0D0A600898D1D = {
						CreatedOnToolsVersion = 15.3;
						TestTargetID = C62B984E2BCE172300898D1D;
					};
				};
			};
			buildConfigurationList = C62B984A2BCE172300898D1D /* Build configuration list for PBXProject "CombineMVVMDemo" */;
			compatibilityVersion = "Xcode 14.0";
			developmentRegion = en;
			hasScannedForEncodings = 0;
			knownRegions = (
				en,
				Base,
			);
			mainGroup = C62B98462BCE172300898D1D;
			productRefGroup = C62B98502BCE172300898D1D /* Products */;
			projectDirPath = "";
			projectRoot = "";
			targets = (
				C62B984E2BCE172300898D1D /* CombineMVVMDemo */,
				C62B98692BD0D0A600898D1D /* CombineMVVMDemoTests */,
			);
		};
/* End PBXProject section */

/* Begin PBXResourcesBuildPhase section */
		C62B984D2BCE172300898D1D /* Resources */ = {
			isa = PBXResourcesBuildPhase;
			buildActionMask = 2147483647;
			files = (
				C62B985C2BCE172500898D1D /* Assets.xcassets in Resources */,
				C62B985F2BCE172500898D1D /* Base in Resources */,
				C62B985A2BCE172300898D1D /* Base in Resources */,
			);
			runOnlyForDeploymentPostprocessing = 0;
		};
		C62B98682BD0D0A600898D1D /* Resources */ = {
			isa = PBXResourcesBuildPhase;
			buildActionMask = 2147483647;
			files = (
			);
			runOnlyForDeploymentPostprocessing = 0;
		};
/* End PBXResourcesBuildPhase section */

/* Begin PBXSourcesBuildPhase section */
		C62B984B2BCE172300898D1D /* Sources */ = {
			isa = PBXSourcesBuildPhase;
			buildActionMask = 2147483647;
			files = (
				C62B98572BCE172300898D1D /* QuoteViewController.swift in Sources */,
				C62B98742BD177AB00898D1D /* QuoteViewModel.swift in Sources */,
				C62B98762BD177D400898D1D /* QuoteService.swift in Sources */,
				C62B98532BCE172300898D1D /* AppDelegate.swift in Sources */,
				C62B98782BD177EF00898D1D /* Quote.swift in Sources */,
				C62B98552BCE172300898D1D /* SceneDelegate.swift in Sources */,
			);
			runOnlyForDeploymentPostprocessing = 0;
		};
		C62B98662BD0D0A600898D1D /* Sources */ = {
			isa = PBXSourcesBuildPhase;
			buildActionMask = 2147483647;
			files = (
				C62B986D2BD0D0A600898D1D /* CombineMVVMDemoTests.swift in Sources */,
			);
			runOnlyForDeploymentPostprocessing = 0;
		};
/* End PBXSourcesBuildPhase section */

/* Begin PBXTargetDependency section */
		C62B986F2BD0D0A600898D1D /* PBXTargetDependency */ = {
			isa = PBXTargetDependency;
			target = C62B984E2BCE172300898D1D /* CombineMVVMDemo */;
			targetProxy = C62B986E2BD0D0A600898D1D /* PBXContainerItemProxy */;
		};
/* End PBXTargetDependency section */

/* Begin PBXVariantGroup section */
		C62B98582BCE172300898D1D /* Main.storyboard */ = {
			isa = PBXVariantGroup;
			children = (
				C62B98592BCE172300898D1D /* Base */,
			);
			name = Main.storyboard;
			sourceTree = "<group>";
		};
		C62B985D2BCE172500898D1D /* LaunchScreen.storyboard */ = {
			isa = PBXVariantGroup;
			children = (
				C62B985E2BCE172500898D1D /* Base */,
			);
			name = LaunchScreen.storyboard;
			sourceTree = "<group>";
		};
/* End PBXVariantGroup section */

/* Begin XCBuildConfiguration section */
		C62B98612BCE172500898D1D /* Debug */ = {
			isa = XCBuildConfiguration;
			buildSettings = {
				ALWAYS_SEARCH_USER_PATHS = NO;
				ASSETCATALOG_COMPILER_GENERATE_SWIFT_ASSET_SYMBOL_EXTENSIONS = YES;
				CLANG_ANALYZER_NONNULL = YES;
				CLANG_ANALYZER_NUMBER_OBJECT_CONVERSION = YES_AGGRESSIVE;
				CLANG_CXX_LANGUAGE_STANDARD = "gnu++20";
				CLANG_ENABLE_MODULES = YES;
				CLANG_ENABLE_OBJC_ARC = YES;
				CLANG_ENABLE_OBJC_WEAK = YES;
				CLANG_WARN_BLOCK_CAPTURE_AUTORELEASING = YES;
				CLANG_WARN_BOOL_CONVERSION = YES;
				CLANG_WARN_COMMA = YES;
				CLANG_WARN_CONSTANT_CONVERSION = YES;
				CLANG_WARN_DEPRECATED_OBJC_IMPLEMENTATIONS = YES;
				CLANG_WARN_DIRECT_OBJC_ISA_USAGE = YES_ERROR;
				CLANG_WARN_DOCUMENTATION_COMMENTS = YES;
				CLANG_WARN_EMPTY_BODY = YES;
				CLANG_WARN_ENUM_CONVERSION = YES;
				CLANG_WARN_INFINITE_RECURSION = YES;
				CLANG_WARN_INT_CONVERSION = YES;
				CLANG_WARN_NON_LITERAL_NULL_CONVERSION = YES;
				CLANG_WARN_OBJC_IMPLICIT_RETAIN_SELF = YES;
				CLANG_WARN_OBJC_LITERAL_CONVERSION = YES;
				CLANG_WARN_OBJC_ROOT_CLASS = YES_ERROR;
				CLANG_WARN_QUOTED_INCLUDE_IN_FRAMEWORK_HEADER = YES;
				CLANG_WARN_RANGE_LOOP_ANALYSIS = YES;
				CLANG_WARN_STRICT_PROTOTYPES = YES;
				CLANG_WARN_SUSPICIOUS_MOVE = YES;
				CLANG_WARN_UNGUARDED_AVAILABILITY = YES_AGGRESSIVE;
				CLANG_WARN_UNREACHABLE_CODE = YES;
				CLANG_WARN__DUPLICATE_METHOD_MATCH = YES;
				COPY_PHASE_STRIP = NO;
				DEBUG_INFORMATION_FORMAT = dwarf;
				ENABLE_STRICT_OBJC_MSGSEND = YES;
				ENABLE_TESTABILITY = YES;
				ENABLE_USER_SCRIPT_SANDBOXING = YES;
				GCC_C_LANGUAGE_STANDARD = gnu17;
				GCC_DYNAMIC_NO_PIC = NO;
				GCC_NO_COMMON_BLOCKS = YES;
				GCC_OPTIMIZATION_LEVEL = 0;
				GCC_PREPROCESSOR_DEFINITIONS = (
					"DEBUG=1",
					"$(inherited)",
				);
				GCC_WARN_64_TO_32_BIT_CONVERSION = YES;
				GCC_WARN_ABOUT_RETURN_TYPE = YES_ERROR;
				GCC_WARN_UNDECLARED_SELECTOR = YES;
				GCC_WARN_UNINITIALIZED_AUTOS = YES_AGGRESSIVE;
				GCC_WARN_UNUSED_FUNCTION = YES;
				GCC_WARN_UNUSED_VARIABLE = YES;
				IPHONEOS_DEPLOYMENT_TARGET = 17.4;
				LOCALIZATION_PREFERS_STRING_CATALOGS = YES;
				MTL_ENABLE_DEBUG_INFO = INCLUDE_SOURCE;
				MTL_FAST_MATH = YES;
				ONLY_ACTIVE_ARCH = YES;
				SDKROOT = iphoneos;
				SWIFT_ACTIVE_COMPILATION_CONDITIONS = "DEBUG $(inherited)";
				SWIFT_OPTIMIZATION_LEVEL = "-Onone";
			};
			name = Debug;
		};
		C62B98622BCE172500898D1D /* Release */ = {
			isa = XCBuildConfiguration;
			buildSettings = {
				ALWAYS_SEARCH_USER_PATHS = NO;
				ASSETCATALOG_COMPILER_GENERATE_SWIFT_ASSET_SYMBOL_EXTENSIONS = YES;
				CLANG_ANALYZER_NONNULL = YES;
				CLANG_ANALYZER_NUMBER_OBJECT_CONVERSION = YES_AGGRESSIVE;
				CLANG_CXX_LANGUAGE_STANDARD = "gnu++20";
				CLANG_ENABLE_MODULES = YES;
				CLANG_ENABLE_OBJC_ARC = YES;
				CLANG_ENABLE_OBJC_WEAK = YES;
				CLANG_WARN_BLOCK_CAPTURE_AUTORELEASING = YES;
				CLANG_WARN_BOOL_CONVERSION = YES;
				CLANG_WARN_COMMA = YES;
				CLANG_WARN_CONSTANT_CONVERSION = YES;
				CLANG_WARN_DEPRECATED_OBJC_IMPLEMENTATIONS = YES;
				CLANG_WARN_DIRECT_OBJC_ISA_USAGE = YES_ERROR;
				CLANG_WARN_DOCUMENTATION_COMMENTS = YES;
				CLANG_WARN_EMPTY_BODY = YES;
				CLANG_WARN_ENUM_CONVERSION = YES;
				CLANG_WARN_INFINITE_RECURSION = YES;
				CLANG_WARN_INT_CONVERSION = YES;
				CLANG_WARN_NON_LITERAL_NULL_CONVERSION = YES;
				CLANG_WARN_OBJC_IMPLICIT_RETAIN_SELF = YES;
				CLANG_WARN_OBJC_LITERAL_CONVERSION = YES;
				CLANG_WARN_OBJC_ROOT_CLASS = YES_ERROR;
				CLANG_WARN_QUOTED_INCLUDE_IN_FRAMEWORK_HEADER = YES;
				CLANG_WARN_RANGE_LOOP_ANALYSIS = YES;
				CLANG_WARN_STRICT_PROTOTYPES = YES;
				CLANG_WARN_SUSPICIOUS_MOVE = YES;
				CLANG_WARN_UNGUARDED_AVAILABILITY = YES_AGGRESSIVE;
				CLANG_WARN_UNREACHABLE_CODE = YES;
				CLANG_WARN__DUPLICATE_METHOD_MATCH = YES;
				COPY_PHASE_STRIP = NO;
				DEBUG_INFORMATION_FORMAT = "dwarf-with-dsym";
				ENABLE_NS_ASSERTIONS = NO;
				ENABLE_STRICT_OBJC_MSGSEND = YES;
				ENABLE_USER_SCRIPT_SANDBOXING = YES;
				GCC_C_LANGUAGE_STANDARD = gnu17;
				GCC_NO_COMMON_BLOCKS = YES;
				GCC_WARN_64_TO_32_BIT_CONVERSION = YES;
				GCC_WARN_ABOUT_RETURN_TYPE = YES_ERROR;
				GCC_WARN_UNDECLARED_SELECTOR = YES;
				GCC_WARN_UNINITIALIZED_AUTOS = YES_AGGRESSIVE;
				GCC_WARN_UNUSED_FUNCTION = YES;
				GCC_WARN_UNUSED_VARIABLE = YES;
				IPHONEOS_DEPLOYMENT_TARGET = 17.4;
				LOCALIZATION_PREFERS_STRING_CATALOGS = YES;
				MTL_ENABLE_DEBUG_INFO = NO;
				MTL_FAST_MATH = YES;
				SDKROOT = iphoneos;
				SWIFT_COMPILATION_MODE = wholemodule;
				VALIDATE_PRODUCT = YES;
			};
			name = Release;
		};
		C62B98642BCE172500898D1D /* Debug */ = {
			isa = XCBuildConfiguration;
			buildSettings = {
				ASSETCATALOG_COMPILER_APPICON_NAME = AppIcon;
				ASSETCATALOG_COMPILER_GLOBAL_ACCENT_COLOR_NAME = AccentColor;
				CODE_SIGN_STYLE = Automatic;
				CURRENT_PROJECT_VERSION = 1;
				DEVELOPMENT_TEAM = WCHLW58HK7;
				GENERATE_INFOPLIST_FILE = YES;
				INFOPLIST_FILE = CombineMVVMDemo/Info.plist;
				INFOPLIST_KEY_UIApplicationSupportsIndirectInputEvents = YES;
				INFOPLIST_KEY_UILaunchStoryboardName = LaunchScreen;
				INFOPLIST_KEY_UIMainStoryboardFile = Main;
				INFOPLIST_KEY_UISupportedInterfaceOrientations_iPad = "UIInterfaceOrientationPortrait UIInterfaceOrientationPortraitUpsideDown UIInterfaceOrientationLandscapeLeft UIInterfaceOrientationLandscapeRight";
				INFOPLIST_KEY_UISupportedInterfaceOrientations_iPhone = "UIInterfaceOrientationPortrait UIInterfaceOrientationLandscapeLeft UIInterfaceOrientationLandscapeRight";
				LD_RUNPATH_SEARCH_PATHS = (
					"$(inherited)",
					"@executable_path/Frameworks",
				);
				MARKETING_VERSION = 1.0;
				PRODUCT_BUNDLE_IDENTIFIER = rodpwood.CombineMVVMDemo;
				PRODUCT_NAME = "$(TARGET_NAME)";
				SWIFT_EMIT_LOC_STRINGS = YES;
				SWIFT_VERSION = 5.0;
				TARGETED_DEVICE_FAMILY = "1,2";
			};
			name = Debug;
		};
		C62B98652BCE172500898D1D /* Release */ = {
			isa = XCBuildConfiguration;
			buildSettings = {
				ASSETCATALOG_COMPILER_APPICON_NAME = AppIcon;
				ASSETCATALOG_COMPILER_GLOBAL_ACCENT_COLOR_NAME = AccentColor;
				CODE_SIGN_STYLE = Automatic;
				CURRENT_PROJECT_VERSION = 1;
				DEVELOPMENT_TEAM = WCHLW58HK7;
				GENERATE_INFOPLIST_FILE = YES;
				INFOPLIST_FILE = CombineMVVMDemo/Info.plist;
				INFOPLIST_KEY_UIApplicationSupportsIndirectInputEvents = YES;
				INFOPLIST_KEY_UILaunchStoryboardName = LaunchScreen;
				INFOPLIST_KEY_UIMainStoryboardFile = Main;
				INFOPLIST_KEY_UISupportedInterfaceOrientations_iPad = "UIInterfaceOrientationPortrait UIInterfaceOrientationPortraitUpsideDown UIInterfaceOrientationLandscapeLeft UIInterfaceOrientationLandscapeRight";
				INFOPLIST_KEY_UISupportedInterfaceOrientations_iPhone = "UIInterfaceOrientationPortrait UIInterfaceOrientationLandscapeLeft UIInterfaceOrientationLandscapeRight";
				LD_RUNPATH_SEARCH_PATHS = (
					"$(inherited)",
					"@executable_path/Frameworks",
				);
				MARKETING_VERSION = 1.0;
				PRODUCT_BUNDLE_IDENTIFIER = rodpwood.CombineMVVMDemo;
				PRODUCT_NAME = "$(TARGET_NAME)";
				SWIFT_EMIT_LOC_STRINGS = YES;
				SWIFT_VERSION = 5.0;
				TARGETED_DEVICE_FAMILY = "1,2";
			};
			name = Release;
		};
		C62B98712BD0D0A600898D1D /* Debug */ = {
			isa = XCBuildConfiguration;
			buildSettings = {
				BUNDLE_LOADER = "$(TEST_HOST)";
				CODE_SIGN_STYLE = Automatic;
				CURRENT_PROJECT_VERSION = 1;
				DEVELOPMENT_TEAM = WCHLW58HK7;
				GENERATE_INFOPLIST_FILE = YES;
				MARKETING_VERSION = 1.0;
				PRODUCT_BUNDLE_IDENTIFIER = rodpwood.CombineMVVMDemoTests;
				PRODUCT_NAME = "$(TARGET_NAME)";
				SWIFT_EMIT_LOC_STRINGS = NO;
				SWIFT_VERSION = 5.0;
				TARGETED_DEVICE_FAMILY = "1,2";
				TEST_HOST = "$(BUILT_PRODUCTS_DIR)/CombineMVVMDemo.app/$(BUNDLE_EXECUTABLE_FOLDER_PATH)/CombineMVVMDemo";
			};
			name = Debug;
		};
		C62B98722BD0D0A600898D1D /* Release */ = {
			isa = XCBuildConfiguration;
			buildSettings = {
				BUNDLE_LOADER = "$(TEST_HOST)";
				CODE_SIGN_STYLE = Automatic;
				CURRENT_PROJECT_VERSION = 1;
				DEVELOPMENT_TEAM = WCHLW58HK7;
				GENERATE_INFOPLIST_FILE = YES;
				MARKETING_VERSION = 1.0;
				PRODUCT_BUNDLE_IDENTIFIER = rodpwood.CombineMVVMDemoTests;
				PRODUCT_NAME = "$(TARGET_NAME)";
				SWIFT_EMIT_LOC_STRINGS = NO;
				SWIFT_VERSION = 5.0;
				TARGETED_DEVICE_FAMILY = "1,2";
				TEST_HOST = "$(BUILT_PRODUCTS_DIR)/CombineMVVMDemo.app/$(BUNDLE_EXECUTABLE_FOLDER_PATH)/CombineMVVMDemo";
			};
			name = Release;
		};
/* End XCBuildConfiguration section */

/* Begin XCConfigurationList section */
		C62B984A2BCE172300898D1D /* Build configuration list for PBXProject "CombineMVVMDemo" */ = {
			isa = XCConfigurationList;
			buildConfigurations = (
				C62B98612BCE172500898D1D /* Debug */,
				C62B98622BCE172500898D1D /* Release */,
			);
			defaultConfigurationIsVisible = 0;
			defaultConfigurationName = Release;
		};
		C62B98632BCE172500898D1D /* Build configuration list for PBXNativeTarget "CombineMVVMDemo" */ = {
			isa = XCConfigurationList;
			buildConfigurations = (
				C62B98642BCE172500898D1D /* Debug */,
				C62B98652BCE172500898D1D /* Release */,
			);
			defaultConfigurationIsVisible = 0;
			defaultConfigurationName = Release;
		};
		C62B98702BD0D0A600898D1D /* Build configuration list for PBXNativeTarget "CombineMVVMDemoTests" */ = {
			isa = XCConfigurationList;
			buildConfigurations = (
				C62B98712BD0D0A600898D1D /* Debug */,
				C62B98722BD0D0A600898D1D /* Release */,
			);
			defaultConfigurationIsVisible = 0;
			defaultConfigurationName = Release;
		};
/* End XCConfigurationList section */
	};
	rootObject = C62B98472BCE172300898D1D /* Project object */;
}
